{
  "pins" : [
    {
      "identity" : "alamofire",
      "kind" : "remoteSourceControl",
      "location" : "https://github.com/Alamofire/Alamofire.git",
      "state" : {
        "revision" : "b2fa556e4e48cbf06cf8c63def138c98f4b811fa",
        "version" : "5.8.0"
      }
    },
    {
      "identity" : "amiiboporunidad",
      "kind" : "remoteSourceControl",
      "location" : "https://github.com/barcodepandora/AmiiboPorUnidad.git",
      "state" : {
        "branch" : "main",
        "revision" : "bb159fa3bba98ab9ad2b59be2869e95037a792b3"
      }
    },
    {
      "identity" : "apollo-ios",
      "kind" : "remoteSourceControl",
      "location" : "https://github.com/apollographql/apollo-ios.git",
      "state" : {
        "revision" : "42646f765d22dac0f22bfff48590102195c76da4",
        "version" : "0.53.0"
      }
    },
    {
      "identity" : "sqlite.swift",
      "kind" : "remoteSourceControl",
      "location" : "https://github.com/stephencelis/SQLite.swift.git",
      "state" : {
        "revision" : "4d543d811ee644fa4cc4bfa0be996b4dd6ba0f54",
        "version" : "0.13.3"
      }
    }
  ],
  "version" : 2
}
